// !$*UTF8*$!
{
	archiveVersion = 1;
	classes = {
	};
	objectVersion = 56;
	objects = {

/* Begin PBXBuildFile section */
		C82BF2CB2C99B9A300A108F8 /* HATestTaskApp.swift in Sources */ = {isa = PBXBuildFile; fileRef = C82BF2CA2C99B9A300A108F8 /* HATestTaskApp.swift */; };
		C82BF2CD2C99B9A300A108F8 /* HomeTabView.swift in Sources */ = {isa = PBXBuildFile; fileRef = C82BF2CC2C99B9A300A108F8 /* HomeTabView.swift */; };
		C82BF2CF2C99B9A400A108F8 /* Assets.xcassets in Resources */ = {isa = PBXBuildFile; fileRef = C82BF2CE2C99B9A400A108F8 /* Assets.xcassets */; };
		C82BF2D22C99B9A400A108F8 /* Preview Assets.xcassets in Resources */ = {isa = PBXBuildFile; fileRef = C82BF2D12C99B9A400A108F8 /* Preview Assets.xcassets */; };
		C82BF2D92C99BA1F00A108F8 /* HomeTabViewModel.swift in Sources */ = {isa = PBXBuildFile; fileRef = C82BF2D82C99BA1F00A108F8 /* HomeTabViewModel.swift */; };
		C82BF2DB2C99BA7500A108F8 /* EditPhotoView.swift in Sources */ = {isa = PBXBuildFile; fileRef = C82BF2DA2C99BA7500A108F8 /* EditPhotoView.swift */; };
		C82BF2DD2C99BA9300A108F8 /* SettingsView.swift in Sources */ = {isa = PBXBuildFile; fileRef = C82BF2DC2C99BA9300A108F8 /* SettingsView.swift */; };
		C82BF2DF2C99BE6300A108F8 /* EditPhotoViewModel.swift in Sources */ = {isa = PBXBuildFile; fileRef = C82BF2DE2C99BE6300A108F8 /* EditPhotoViewModel.swift */; };
		C82BF2E42C9AF04E00A108F8 /* View+Ext.swift in Sources */ = {isa = PBXBuildFile; fileRef = C82BF2E32C9AF04E00A108F8 /* View+Ext.swift */; };
		C82BF2E82C9AF33100A108F8 /* PhotoView.swift in Sources */ = {isa = PBXBuildFile; fileRef = C82BF2E72C9AF33100A108F8 /* PhotoView.swift */; };
		C82BF2EC2C9B1C6300A108F8 /* SettingsItemView.swift in Sources */ = {isa = PBXBuildFile; fileRef = C82BF2EB2C9B1C6300A108F8 /* SettingsItemView.swift */; };
		C82BF2F02C9B1CB500A108F8 /* SettingsViewModel.swift in Sources */ = {isa = PBXBuildFile; fileRef = C82BF2EF2C9B1CB500A108F8 /* SettingsViewModel.swift */; };
/* End PBXBuildFile section */

/* Begin PBXFileReference section */
		C82BF2C72C99B9A300A108F8 /* HATestTask.app */ = {isa = PBXFileReference; explicitFileType = wrapper.application; includeInIndex = 0; path = HATestTask.app; sourceTree = BUILT_PRODUCTS_DIR; };
		C82BF2CA2C99B9A300A108F8 /* HATestTaskApp.swift */ = {isa = PBXFileReference; lastKnownFileType = sourcecode.swift; path = HATestTaskApp.swift; sourceTree = "<group>"; };
		C82BF2CC2C99B9A300A108F8 /* HomeTabView.swift */ = {isa = PBXFileReference; lastKnownFileType = sourcecode.swift; path = HomeTabView.swift; sourceTree = "<group>"; };
		C82BF2CE2C99B9A400A108F8 /* Assets.xcassets */ = {isa = PBXFileReference; lastKnownFileType = folder.assetcatalog; path = Assets.xcassets; sourceTree = "<group>"; };
		C82BF2D12C99B9A400A108F8 /* Preview Assets.xcassets */ = {isa = PBXFileReference; lastKnownFileType = folder.assetcatalog; path = "Preview Assets.xcassets"; sourceTree = "<group>"; };
		C82BF2D82C99BA1F00A108F8 /* HomeTabViewModel.swift */ = {isa = PBXFileReference; lastKnownFileType = sourcecode.swift; path = HomeTabViewModel.swift; sourceTree = "<group>"; };
		C82BF2DA2C99BA7500A108F8 /* EditPhotoView.swift */ = {isa = PBXFileReference; lastKnownFileType = sourcecode.swift; path = EditPhotoView.swift; sourceTree = "<group>"; };
		C82BF2DC2C99BA9300A108F8 /* SettingsView.swift */ = {isa = PBXFileReference; lastKnownFileType = sourcecode.swift; path = SettingsView.swift; sourceTree = "<group>"; };
		C82BF2DE2C99BE6300A108F8 /* EditPhotoViewModel.swift */ = {isa = PBXFileReference; lastKnownFileType = sourcecode.swift; path = EditPhotoViewModel.swift; sourceTree = "<group>"; };
		C82BF2E32C9AF04E00A108F8 /* View+Ext.swift */ = {isa = PBXFileReference; lastKnownFileType = sourcecode.swift; path = "View+Ext.swift"; sourceTree = "<group>"; };
		C82BF2E72C9AF33100A108F8 /* PhotoView.swift */ = {isa = PBXFileReference; lastKnownFileType = sourcecode.swift; path = PhotoView.swift; sourceTree = "<group>"; };
		C82BF2EB2C9B1C6300A108F8 /* SettingsItemView.swift */ = {isa = PBXFileReference; lastKnownFileType = sourcecode.swift; path = SettingsItemView.swift; sourceTree = "<group>"; };
		C82BF2EF2C9B1CB500A108F8 /* SettingsViewModel.swift */ = {isa = PBXFileReference; lastKnownFileType = sourcecode.swift; path = SettingsViewModel.swift; sourceTree = "<group>"; };
/* End PBXFileReference section */

/* Begin PBXFrameworksBuildPhase section */
		C82BF2C42C99B9A300A108F8 /* Frameworks */ = {
			isa = PBXFrameworksBuildPhase;
			buildActionMask = 2147483647;
			files = (
			);
			runOnlyForDeploymentPostprocessing = 0;
		};
/* End PBXFrameworksBuildPhase section */

/* Begin PBXGroup section */
		C82BF2BE2C99B9A200A108F8 = {
			isa = PBXGroup;
			children = (
				C82BF2C92C99B9A300A108F8 /* HATestTask */,
				C82BF2C82C99B9A300A108F8 /* Products */,
			);
			sourceTree = "<group>";
		};
		C82BF2C82C99B9A300A108F8 /* Products */ = {
			isa = PBXGroup;
			children = (
				C82BF2C72C99B9A300A108F8 /* HATestTask.app */,
			);
			name = Products;
			sourceTree = "<group>";
		};
		C82BF2C92C99B9A300A108F8 /* HATestTask */ = {
			isa = PBXGroup;
			children = (
				C82BF2CA2C99B9A300A108F8 /* HATestTaskApp.swift */,
				C82BF2E52C9AF2B400A108F8 /* HomeTab */,
				C82BF2E22C9AF02900A108F8 /* Extension */,
				C82BF2E62C9AF2CA00A108F8 /* EditPhoto */,
				C82BF2EA2C9B071F00A108F8 /* Settings */,
				C82BF2CE2C99B9A400A108F8 /* Assets.xcassets */,
				C82BF2D02C99B9A400A108F8 /* Preview Content */,
			);
			path = HATestTask;
			sourceTree = "<group>";
		};
		C82BF2D02C99B9A400A108F8 /* Preview Content */ = {
			isa = PBXGroup;
			children = (
				C82BF2D12C99B9A400A108F8 /* Preview Assets.xcassets */,
			);
			path = "Preview Content";
			sourceTree = "<group>";
		};
		C82BF2E22C9AF02900A108F8 /* Extension */ = {
			isa = PBXGroup;
			children = (
				C82BF2E32C9AF04E00A108F8 /* View+Ext.swift */,
			);
			path = Extension;
			sourceTree = "<group>";
		};
		C82BF2E52C9AF2B400A108F8 /* HomeTab */ = {
			isa = PBXGroup;
			children = (
				C82BF2CC2C99B9A300A108F8 /* HomeTabView.swift */,
				C82BF2D82C99BA1F00A108F8 /* HomeTabViewModel.swift */,
			);
			path = HomeTab;
			sourceTree = "<group>";
		};
		C82BF2E62C9AF2CA00A108F8 /* EditPhoto */ = {
			isa = PBXGroup;
			children = (
				C82BF2E92C9B06FE00A108F8 /* Views */,
				C82BF2DA2C99BA7500A108F8 /* EditPhotoView.swift */,
				C82BF2DE2C99BE6300A108F8 /* EditPhotoViewModel.swift */,
			);
			path = EditPhoto;
			sourceTree = "<group>";
		};
		C82BF2E92C9B06FE00A108F8 /* Views */ = {
			isa = PBXGroup;
			children = (
				C82BF2E72C9AF33100A108F8 /* PhotoView.swift */,
			);
			path = Views;
			sourceTree = "<group>";
		};
		C82BF2EA2C9B071F00A108F8 /* Settings */ = {
			isa = PBXGroup;
			children = (
				C82BF2DC2C99BA9300A108F8 /* SettingsView.swift */,
				C82BF2EF2C9B1CB500A108F8 /* SettingsViewModel.swift */,
				C82BF2EB2C9B1C6300A108F8 /* SettingsItemView.swift */,
			);
			path = Settings;
			sourceTree = "<group>";
		};
/* End PBXGroup section */

/* Begin PBXNativeTarget section */
		C82BF2C62C99B9A300A108F8 /* HATestTask */ = {
			isa = PBXNativeTarget;
			buildConfigurationList = C82BF2D52C99B9A400A108F8 /* Build configuration list for PBXNativeTarget "HATestTask" */;
			buildPhases = (
				C82BF2C32C99B9A300A108F8 /* Sources */,
				C82BF2C42C99B9A300A108F8 /* Frameworks */,
				C82BF2C52C99B9A300A108F8 /* Resources */,
			);
			buildRules = (
			);
			dependencies = (
			);
			name = HATestTask;
			productName = HATestTask;
			productReference = C82BF2C72C99B9A300A108F8 /* HATestTask.app */;
			productType = "com.apple.product-type.application";
		};
/* End PBXNativeTarget section */

/* Begin PBXProject section */
		C82BF2BF2C99B9A200A108F8 /* Project object */ = {
			isa = PBXProject;
			attributes = {
				BuildIndependentTargetsInParallel = 1;
				LastSwiftUpdateCheck = 1540;
				LastUpgradeCheck = 1540;
				TargetAttributes = {
					C82BF2C62C99B9A300A108F8 = {
						CreatedOnToolsVersion = 15.4;
					};
				};
			};
			buildConfigurationList = C82BF2C22C99B9A200A108F8 /* Build configuration list for PBXProject "HATestTask" */;
			compatibilityVersion = "Xcode 14.0";
			developmentRegion = en;
			hasScannedForEncodings = 0;
			knownRegions = (
				en,
				Base,
			);
			mainGroup = C82BF2BE2C99B9A200A108F8;
			productRefGroup = C82BF2C82C99B9A300A108F8 /* Products */;
			projectDirPath = "";
			projectRoot = "";
			targets = (
				C82BF2C62C99B9A300A108F8 /* HATestTask */,
			);
		};
/* End PBXProject section */

/* Begin PBXResourcesBuildPhase section */
		C82BF2C52C99B9A300A108F8 /* Resources */ = {
			isa = PBXResourcesBuildPhase;
			buildActionMask = 2147483647;
			files = (
				C82BF2D22C99B9A400A108F8 /* Preview Assets.xcassets in Resources */,
				C82BF2CF2C99B9A400A108F8 /* Assets.xcassets in Resources */,
			);
			runOnlyForDeploymentPostprocessing = 0;
		};
/* End PBXResourcesBuildPhase section */

/* Begin PBXSourcesBuildPhase section */
		C82BF2C32C99B9A300A108F8 /* Sources */ = {
			isa = PBXSourcesBuildPhase;
			buildActionMask = 2147483647;
			files = (
				C82BF2EC2C9B1C6300A108F8 /* SettingsItemView.swift in Sources */,
				C82BF2E42C9AF04E00A108F8 /* View+Ext.swift in Sources */,
				C82BF2DD2C99BA9300A108F8 /* SettingsView.swift in Sources */,
				C82BF2E82C9AF33100A108F8 /* PhotoView.swift in Sources */,
				C82BF2CD2C99B9A300A108F8 /* HomeTabView.swift in Sources */,
				C82BF2DB2C99BA7500A108F8 /* EditPhotoView.swift in Sources */,
				C82BF2D92C99BA1F00A108F8 /* HomeTabViewModel.swift in Sources */,
				C82BF2CB2C99B9A300A108F8 /* HATestTaskApp.swift in Sources */,
				C82BF2DF2C99BE6300A108F8 /* EditPhotoViewModel.swift in Sources */,
				C82BF2F02C9B1CB500A108F8 /* SettingsViewModel.swift in Sources */,
			);
			runOnlyForDeploymentPostprocessing = 0;
		};
/* End PBXSourcesBuildPhase section */

/* Begin XCBuildConfiguration section */
		C82BF2D32C99B9A400A108F8 /* Debug */ = {
			isa = XCBuildConfiguration;
			buildSettings = {
				ALWAYS_SEARCH_USER_PATHS = NO;
				ASSETCATALOG_COMPILER_GENERATE_SWIFT_ASSET_SYMBOL_EXTENSIONS = YES;
				CLANG_ANALYZER_NONNULL = YES;
				CLANG_ANALYZER_NUMBER_OBJECT_CONVERSION = YES_AGGRESSIVE;
				CLANG_CXX_LANGUAGE_STANDARD = "gnu++20";
				CLANG_ENABLE_MODULES = YES;
				CLANG_ENABLE_OBJC_ARC = YES;
				CLANG_ENABLE_OBJC_WEAK = YES;
				CLANG_WARN_BLOCK_CAPTURE_AUTORELEASING = YES;
				CLANG_WARN_BOOL_CONVERSION = YES;
				CLANG_WARN_COMMA = YES;
				CLANG_WARN_CONSTANT_CONVERSION = YES;
				CLANG_WARN_DEPRECATED_OBJC_IMPLEMENTATIONS = YES;
				CLANG_WARN_DIRECT_OBJC_ISA_USAGE = YES_ERROR;
				CLANG_WARN_DOCUMENTATION_COMMENTS = YES;
				CLANG_WARN_EMPTY_BODY = YES;
				CLANG_WARN_ENUM_CONVERSION = YES;
				CLANG_WARN_INFINITE_RECURSION = YES;
				CLANG_WARN_INT_CONVERSION = YES;
				CLANG_WARN_NON_LITERAL_NULL_CONVERSION = YES;
				CLANG_WARN_OBJC_IMPLICIT_RETAIN_SELF = YES;
				CLANG_WARN_OBJC_LITERAL_CONVERSION = YES;
				CLANG_WARN_OBJC_ROOT_CLASS = YES_ERROR;
				CLANG_WARN_QUOTED_INCLUDE_IN_FRAMEWORK_HEADER = YES;
				CLANG_WARN_RANGE_LOOP_ANALYSIS = YES;
				CLANG_WARN_STRICT_PROTOTYPES = YES;
				CLANG_WARN_SUSPICIOUS_MOVE = YES;
				CLANG_WARN_UNGUARDED_AVAILABILITY = YES_AGGRESSIVE;
				CLANG_WARN_UNREACHABLE_CODE = YES;
				CLANG_WARN__DUPLICATE_METHOD_MATCH = YES;
				COPY_PHASE_STRIP = NO;
				DEBUG_INFORMATION_FORMAT = dwarf;
				ENABLE_STRICT_OBJC_MSGSEND = YES;
				ENABLE_TESTABILITY = YES;
				ENABLE_USER_SCRIPT_SANDBOXING = YES;
				GCC_C_LANGUAGE_STANDARD = gnu17;
				GCC_DYNAMIC_NO_PIC = NO;
				GCC_NO_COMMON_BLOCKS = YES;
				GCC_OPTIMIZATION_LEVEL = 0;
				GCC_PREPROCESSOR_DEFINITIONS = (
					"DEBUG=1",
					"$(inherited)",
				);
				GCC_WARN_64_TO_32_BIT_CONVERSION = YES;
				GCC_WARN_ABOUT_RETURN_TYPE = YES_ERROR;
				GCC_WARN_UNDECLARED_SELECTOR = YES;
				GCC_WARN_UNINITIALIZED_AUTOS = YES_AGGRESSIVE;
				GCC_WARN_UNUSED_FUNCTION = YES;
				GCC_WARN_UNUSED_VARIABLE = YES;
				IPHONEOS_DEPLOYMENT_TARGET = 17.5;
				LOCALIZATION_PREFERS_STRING_CATALOGS = YES;
				MTL_ENABLE_DEBUG_INFO = INCLUDE_SOURCE;
				MTL_FAST_MATH = YES;
				ONLY_ACTIVE_ARCH = YES;
				SDKROOT = iphoneos;
				SWIFT_ACTIVE_COMPILATION_CONDITIONS = "DEBUG $(inherited)";
				SWIFT_OPTIMIZATION_LEVEL = "-Onone";
			};
			name = Debug;
		};
		C82BF2D42C99B9A400A108F8 /* Release */ = {
			isa = XCBuildConfiguration;
			buildSettings = {
				ALWAYS_SEARCH_USER_PATHS = NO;
				ASSETCATALOG_COMPILER_GENERATE_SWIFT_ASSET_SYMBOL_EXTENSIONS = YES;
				CLANG_ANALYZER_NONNULL = YES;
				CLANG_ANALYZER_NUMBER_OBJECT_CONVERSION = YES_AGGRESSIVE;
				CLANG_CXX_LANGUAGE_STANDARD = "gnu++20";
				CLANG_ENABLE_MODULES = YES;
				CLANG_ENABLE_OBJC_ARC = YES;
				CLANG_ENABLE_OBJC_WEAK = YES;
				CLANG_WARN_BLOCK_CAPTURE_AUTORELEASING = YES;
				CLANG_WARN_BOOL_CONVERSION = YES;
				CLANG_WARN_COMMA = YES;
				CLANG_WARN_CONSTANT_CONVERSION = YES;
				CLANG_WARN_DEPRECATED_OBJC_IMPLEMENTATIONS = YES;
				CLANG_WARN_DIRECT_OBJC_ISA_USAGE = YES_ERROR;
				CLANG_WARN_DOCUMENTATION_COMMENTS = YES;
				CLANG_WARN_EMPTY_BODY = YES;
				CLANG_WARN_ENUM_CONVERSION = YES;
				CLANG_WARN_INFINITE_RECURSION = YES;
				CLANG_WARN_INT_CONVERSION = YES;
				CLANG_WARN_NON_LITERAL_NULL_CONVERSION = YES;
				CLANG_WARN_OBJC_IMPLICIT_RETAIN_SELF = YES;
				CLANG_WARN_OBJC_LITERAL_CONVERSION = YES;
				CLANG_WARN_OBJC_ROOT_CLASS = YES_ERROR;
				CLANG_WARN_QUOTED_INCLUDE_IN_FRAMEWORK_HEADER = YES;
				CLANG_WARN_RANGE_LOOP_ANALYSIS = YES;
				CLANG_WARN_STRICT_PROTOTYPES = YES;
				CLANG_WARN_SUSPICIOUS_MOVE = YES;
				CLANG_WARN_UNGUARDED_AVAILABILITY = YES_AGGRESSIVE;
				CLANG_WARN_UNREACHABLE_CODE = YES;
				CLANG_WARN__DUPLICATE_METHOD_MATCH = YES;
				COPY_PHASE_STRIP = NO;
				DEBUG_INFORMATION_FORMAT = "dwarf-with-dsym";
				ENABLE_NS_ASSERTIONS = NO;
				ENABLE_STRICT_OBJC_MSGSEND = YES;
				ENABLE_USER_SCRIPT_SANDBOXING = YES;
				GCC_C_LANGUAGE_STANDARD = gnu17;
				GCC_NO_COMMON_BLOCKS = YES;
				GCC_WARN_64_TO_32_BIT_CONVERSION = YES;
				GCC_WARN_ABOUT_RETURN_TYPE = YES_ERROR;
				GCC_WARN_UNDECLARED_SELECTOR = YES;
				GCC_WARN_UNINITIALIZED_AUTOS = YES_AGGRESSIVE;
				GCC_WARN_UNUSED_FUNCTION = YES;
				GCC_WARN_UNUSED_VARIABLE = YES;
				IPHONEOS_DEPLOYMENT_TARGET = 17.5;
				LOCALIZATION_PREFERS_STRING_CATALOGS = YES;
				MTL_ENABLE_DEBUG_INFO = NO;
				MTL_FAST_MATH = YES;
				SDKROOT = iphoneos;
				SWIFT_COMPILATION_MODE = wholemodule;
				VALIDATE_PRODUCT = YES;
			};
			name = Release;
		};
		C82BF2D62C99B9A400A108F8 /* Debug */ = {
			isa = XCBuildConfiguration;
			buildSettings = {
				ASSETCATALOG_COMPILER_APPICON_NAME = AppIcon;
				ASSETCATALOG_COMPILER_GLOBAL_ACCENT_COLOR_NAME = AccentColor;
				CODE_SIGN_STYLE = Automatic;
				CURRENT_PROJECT_VERSION = 1;
				DEVELOPMENT_ASSET_PATHS = "\"HATestTask/Preview Content\"";
				DEVELOPMENT_TEAM = ZNKN5NDVAY;
				ENABLE_PREVIEWS = YES;
				GENERATE_INFOPLIST_FILE = YES;
				INFOPLIST_KEY_NSPhotoLibraryUsageDescription = "Please allow access to Photos.";
				INFOPLIST_KEY_UIApplicationSceneManifest_Generation = YES;
				INFOPLIST_KEY_UIApplicationSupportsIndirectInputEvents = YES;
				INFOPLIST_KEY_UILaunchScreen_Generation = YES;
				INFOPLIST_KEY_UISupportedInterfaceOrientations = UIInterfaceOrientationPortrait;
				INFOPLIST_KEY_UISupportedInterfaceOrientations_iPad = "UIInterfaceOrientationLandscapeLeft UIInterfaceOrientationLandscapeRight UIInterfaceOrientationPortrait UIInterfaceOrientationPortraitUpsideDown";
				IPHONEOS_DEPLOYMENT_TARGET = 17.0;
				LD_RUNPATH_SEARCH_PATHS = (
					"$(inherited)",
					"@executable_path/Frameworks",
				);
				MARKETING_VERSION = 1.0;
				PRODUCT_BUNDLE_IDENTIFIER = gervika.HATestTask;
				PRODUCT_NAME = "$(TARGET_NAME)";
				SUPPORTED_PLATFORMS = "iphoneos iphonesimulator";
				SUPPORTS_MACCATALYST = NO;
				SUPPORTS_MAC_DESIGNED_FOR_IPHONE_IPAD = NO;
				SUPPORTS_XR_DESIGNED_FOR_IPHONE_IPAD = NO;
				SWIFT_EMIT_LOC_STRINGS = YES;
				SWIFT_VERSION = 5.0;
				TARGETED_DEVICE_FAMILY = 1;
			};
			name = Debug;
		};
		C82BF2D72C99B9A400A108F8 /* Release */ = {
			isa = XCBuildConfiguration;
			buildSettings = {
				ASSETCATALOG_COMPILER_APPICON_NAME = AppIcon;
				ASSETCATALOG_COMPILER_GLOBAL_ACCENT_COLOR_NAME = AccentColor;
				CODE_SIGN_STYLE = Automatic;
				CURRENT_PROJECT_VERSION = 1;
				DEVELOPMENT_ASSET_PATHS = "\"HATestTask/Preview Content\"";
				DEVELOPMENT_TEAM = ZNKN5NDVAY;
				ENABLE_PREVIEWS = YES;
				GENERATE_INFOPLIST_FILE = YES;
				INFOPLIST_KEY_NSPhotoLibraryUsageDescription = "Please allow access to Photos.";
				INFOPLIST_KEY_UIApplicationSceneManifest_Generation = YES;
				INFOPLIST_KEY_UIApplicationSupportsIndirectInputEvents = YES;
				INFOPLIST_KEY_UILaunchScreen_Generation = YES;
				INFOPLIST_KEY_UISupportedInterfaceOrientations = UIInterfaceOrientationPortrait;
				INFOPLIST_KEY_UISupportedInterfaceOrientations_iPad = "UIInterfaceOrientationLandscapeLeft UIInterfaceOrientationLandscapeRight UIInterfaceOrientationPortrait UIInterfaceOrientationPortraitUpsideDown";
				IPHONEOS_DEPLOYMENT_TARGET = 17.0;
				LD_RUNPATH_SEARCH_PATHS = (
					"$(inherited)",
					"@executable_path/Frameworks",
				);
				MARKETING_VERSION = 1.0;
				PRODUCT_BUNDLE_IDENTIFIER = gervika.HATestTask;
				PRODUCT_NAME = "$(TARGET_NAME)";
				SUPPORTED_PLATFORMS = "iphoneos iphonesimulator";
				SUPPORTS_MACCATALYST = NO;
				SUPPORTS_MAC_DESIGNED_FOR_IPHONE_IPAD = NO;
				SUPPORTS_XR_DESIGNED_FOR_IPHONE_IPAD = NO;
				SWIFT_EMIT_LOC_STRINGS = YES;
				SWIFT_VERSION = 5.0;
				TARGETED_DEVICE_FAMILY = 1;
			};
			name = Release;
		};
/* End XCBuildConfiguration section */

/* Begin XCConfigurationList section */
		C82BF2C22C99B9A200A108F8 /* Build configuration list for PBXProject "HATestTask" */ = {
			isa = XCConfigurationList;
			buildConfigurations = (
				C82BF2D32C99B9A400A108F8 /* Debug */,
				C82BF2D42C99B9A400A108F8 /* Release */,
			);
			defaultConfigurationIsVisible = 0;
			defaultConfigurationName = Release;
		};
		C82BF2D52C99B9A400A108F8 /* Build configuration list for PBXNativeTarget "HATestTask" */ = {
			isa = XCConfigurationList;
			buildConfigurations = (
				C82BF2D62C99B9A400A108F8 /* Debug */,
				C82BF2D72C99B9A400A108F8 /* Release */,
			);
			defaultConfigurationIsVisible = 0;
			defaultConfigurationName = Release;
		};
/* End XCConfigurationList section */
	};
	rootObject = C82BF2BF2C99B9A200A108F8 /* Project object */;
}
